
Microsoft Visual Studio Solution File, Format Version 12.00
# Visual Studio Version 17
VisualStudioVersion = 17.6.33815.320
MinimumVisualStudioVersion = 10.0.40219.1
Project("{9A19103F-16F7-4668-BE54-9A1E7A4F7556}") = "Learning.API", "Learning.API\Learning.API.csproj", "{15B36E15-DDCD-48B6-9397-6F5FC6885C7F}"
EndProject
Project("{9A19103F-16F7-4668-BE54-9A1E7A4F7556}") = "Learning.Contracts", "Learning.Contracts\Learning.Contracts.csproj", "{58BBE040-872F-48AB-8C98-3C5255281D93}"
EndProject
Project("{9A19103F-16F7-4668-BE54-9A1E7A4F7556}") = "Learning.LoggerService", "Learning.LoggerService\Learning.LoggerService.csproj", "{4F67786E-7AE5-4ACB-8282-58B3783DE85F}"
EndProject
Project("{9A19103F-16F7-4668-BE54-9A1E7A4F7556}") = "Learning.Entities", "Learning.Entities\Learning.Entities.csproj", "{2B6A716A-0876-4BAF-9007-64D6683F20DE}"
EndProject
Project("{9A19103F-16F7-4668-BE54-9A1E7A4F7556}") = "Learning.Repository", "Learning.Repository\Learning.Repository.csproj", "{399444CA-6DEE-41F4-A298-039C152CF0CA}"
EndProject
Project("{9A19103F-16F7-4668-BE54-9A1E7A4F7556}") = "Learning.Service.Contracts", "Learning.Service.Contracts\Learning.Service.Contracts.csproj", "{691C1944-95C1-4E6F-A2BC-96CB9F2706F5}"
EndProject
Project("{9A19103F-16F7-4668-BE54-9A1E7A4F7556}") = "Learning.Service", "Learning.Service\Learning.Service.csproj", "{115859A9-0E19-43AD-B963-A7D7C2C92A88}"
EndProject
Project("{9A19103F-16F7-4668-BE54-9A1E7A4F7556}") = "Learning.Presentation", "Learning.Presentation\Learning.Presentation.csproj", "{05D142F8-3969-4053-9229-BC84EE9E405F}"
EndProject
Project("{FAE04EC0-301F-11D3-BF4B-00C04F79EFBC}") = "Learning.Shared", "Learning.Shared\Learning.Shared.csproj", "{DF149B0F-B712-4B48-B806-ECF142712821}"
EndProject
Global
	GlobalSection(SolutionConfigurationPlatforms) = preSolution
		Debug|Any CPU = Debug|Any CPU
		Release|Any CPU = Release|Any CPU
	EndGlobalSection
	GlobalSection(ProjectConfigurationPlatforms) = postSolution
		{15B36E15-DDCD-48B6-9397-6F5FC6885C7F}.Debug|Any CPU.ActiveCfg = Debug|Any CPU
		{15B36E15-DDCD-48B6-9397-6F5FC6885C7F}.Debug|Any CPU.Build.0 = Debug|Any CPU
		{15B36E15-DDCD-48B6-9397-6F5FC6885C7F}.Release|Any CPU.ActiveCfg = Release|Any CPU
		{15B36E15-DDCD-48B6-9397-6F5FC6885C7F}.Release|Any CPU.Build.0 = Release|Any CPU
		{58BBE040-872F-48AB-8C98-3C5255281D93}.Debug|Any CPU.ActiveCfg = Debug|Any CPU
		{58BBE040-872F-48AB-8C98-3C5255281D93}.Debug|Any CPU.Build.0 = Debug|Any CPU
		{58BBE040-872F-48AB-8C98-3C5255281D93}.Release|Any CPU.ActiveCfg = Release|Any CPU
		{58BBE040-872F-48AB-8C98-3C5255281D93}.Release|Any CPU.Build.0 = Release|Any CPU
		{4F67786E-7AE5-4ACB-8282-58B3783DE85F}.Debug|Any CPU.ActiveCfg = Debug|Any CPU
		{4F67786E-7AE5-4ACB-8282-58B3783DE85F}.Debug|Any CPU.Build.0 = Debug|Any CPU
		{4F67786E-7AE5-4ACB-8282-58B3783DE85F}.Release|Any CPU.ActiveCfg = Release|Any CPU
		{4F67786E-7AE5-4ACB-8282-58B3783DE85F}.Release|Any CPU.Build.0 = Release|Any CPU
		{2B6A716A-0876-4BAF-9007-64D6683F20DE}.Debug|Any CPU.ActiveCfg = Debug|Any CPU
		{2B6A716A-0876-4BAF-9007-64D6683F20DE}.Debug|Any CPU.Build.0 = Debug|Any CPU
		{2B6A716A-0876-4BAF-9007-64D6683F20DE}.Release|Any CPU.ActiveCfg = Release|Any CPU
		{2B6A716A-0876-4BAF-9007-64D6683F20DE}.Release|Any CPU.Build.0 = Release|Any CPU
		{399444CA-6DEE-41F4-A298-039C152CF0CA}.Debug|Any CPU.ActiveCfg = Debug|Any CPU
		{399444CA-6DEE-41F4-A298-039C152CF0CA}.Debug|Any CPU.Build.0 = Debug|Any CPU
		{399444CA-6DEE-41F4-A298-039C152CF0CA}.Release|Any CPU.ActiveCfg = Release|Any CPU
		{399444CA-6DEE-41F4-A298-039C152CF0CA}.Release|Any CPU.Build.0 = Release|Any CPU
		{691C1944-95C1-4E6F-A2BC-96CB9F2706F5}.Debug|Any CPU.ActiveCfg = Debug|Any CPU
		{691C1944-95C1-4E6F-A2BC-96CB9F2706F5}.Debug|Any CPU.Build.0 = Debug|Any CPU
		{691C1944-95C1-4E6F-A2BC-96CB9F2706F5}.Release|Any CPU.ActiveCfg = Release|Any CPU
		{691C1944-95C1-4E6F-A2BC-96CB9F2706F5}.Release|Any CPU.Build.0 = Release|Any CPU
		{115859A9-0E19-43AD-B963-A7D7C2C92A88}.Debug|Any CPU.ActiveCfg = Debug|Any CPU
		{115859A9-0E19-43AD-B963-A7D7C2C92A88}.Debug|Any CPU.Build.0 = Debug|Any CPU
		{115859A9-0E19-43AD-B963-A7D7C2C92A88}.Release|Any CPU.ActiveCfg = Release|Any CPU
		{115859A9-0E19-43AD-B963-A7D7C2C92A88}.Release|Any CPU.Build.0 = Release|Any CPU
		{05D142F8-3969-4053-9229-BC84EE9E405F}.Debug|Any CPU.ActiveCfg = Debug|Any CPU
		{05D142F8-3969-4053-9229-BC84EE9E405F}.Debug|Any CPU.Build.0 = Debug|Any CPU
		{05D142F8-3969-4053-9229-BC84EE9E405F}.Release|Any CPU.ActiveCfg = Release|Any CPU
		{05D142F8-3969-4053-9229-BC84EE9E405F}.Release|Any CPU.Build.0 = Release|Any CPU
		{DF149B0F-B712-4B48-B806-ECF142712821}.Debug|Any CPU.ActiveCfg = Debug|Any CPU
		{DF149B0F-B712-4B48-B806-ECF142712821}.Debug|Any CPU.Build.0 = Debug|Any CPU
		{DF149B0F-B712-4B48-B806-ECF142712821}.Release|Any CPU.ActiveCfg = Release|Any CPU
		{DF149B0F-B712-4B48-B806-ECF142712821}.Release|Any CPU.Build.0 = Release|Any CPU
	EndGlobalSection
	GlobalSection(SolutionProperties) = preSolution
		HideSolutionNode = FALSE
	EndGlobalSection
	GlobalSection(ExtensibilityGlobals) = postSolution
		SolutionGuid = {43200FC9-7E80-42BF-9638-C5296CF6A593}
	EndGlobalSection
EndGlobal
